cel.dev/expr v0.25.2 h1:K6j46C81hXtZQfuX60cVWQFBJahKSE2gfRbNuvr5bFs=
cel.dev/expr v0.25.2/go.mod h1:hrXvqGP6G6gyx8UAHSHJ5RGk//1Oj5nXQ2NI02Nrsg4=
github.com/BurntSushi/toml v1.6.0 h1:dRaEfpa2VI55EwlIW72hMRHdWouJeRF7TPYhI+AUQjk=
github.com/BurntSushi/toml v1.6.0/go.mod h1:ukJfTF/6rtPPRCnwkur4qwRxa8vTRFBF0uk2lLoLwho=
github.com/Masterminds/semver/v3 v3.5.0 h1:kQceYJfbupGfZOKZQg0kou0DgAKhzDg2NZPAwZ/2OOE=
github.com/Masterminds/semver/v3 v3.5.0/go.mod h1:4V+yj/TJE1HU9XfppCwVMZq3I84lprf4nC11bSS5beM=
github.com/antlr4-go/antlr/v4 v4.13.1 h1:SqQKkuVZ+zWkMMNkjy5FZe5mr5WURWnlpmOuzYWrPrQ=
github.com/antlr4-go/antlr/v4 v4.13.1/go.mod h1:GKmUxMtwp6ZgGwZSva4eWPC5mS6vUAmOABFgjdkM7Nw=
github.com/google/cel-go v0.28.1 h1:YWIwi77J4xIsYUwAF/iIuS6haffzIHS8yWI8glSbLWM=
github.com/google/cel-go v0.28.1/go.mod h1:X0bD6iVNR8pkROSOoHVdgTkzmRcosof7WQqCD6wcMc8=
github.com/google/go-cmp v0.7.0 h1:wk8382ETsv4JYUZwIsn6YpYiWiBsYLSJiTsyBybVuN8=
github.com/google/go-cmp v0.7.0/go.mod h1:pXiqmnSA92OHEEa9HXL2W4E7lf9JzCmGVUdgjX3N/iU=
github.com/smm-h/go-toml-edit v0.2.1 h1:KXzKYuzDnw7XHCzPNtw9DQzf+PpwPISvSVDns6zekD4=
github.com/smm-h/go-toml-edit v0.2.1/go.mod h1:ateUuu33c4CaaB3XUQgsyuPEsIkAWRV8nahfZqpNhm4=
github.com/smm-h/migrable v0.6.0 h1:m2+JqZo8GP9HCp2frvB80xg0VxcvTLBk4jUrjBL2rBQ=
github.com/smm-h/migrable v0.6.0/go.mod h1:gRrlrabV8ux9jgJjnl00/dcpWUsDibJSFqmHRbwBbBw=
github.com/smm-h/strictcli/go v0.17.0 h1:w42f1UZwZzIK6EUa9RitB2O/KvEw3M21E/sU2D8xgpE=
github.com/smm-h/strictcli/go v0.17.0/go.mod h1:dMXXawbT6mstBeQ9yKQaaqTkL1/qQ28FCV47TxKYWL4=
github.com/toml-lang/toml-test/v2 v2.2.0 h1:q3ELZu7oPnpl9TClC6OOcAccXwj+jwAyFP8WvzBdK1M=
github.com/toml-lang/toml-test/v2 v2.2.0/go.mod h1:TQdjhQItoZ0R+OODNiHUuxxxErtaE0Xsod2ENZbMvxI=
go.yaml.in/yaml/v3 v3.0.4 h1:tfq32ie2Jv2UxXFdLJdh3jXuOzWiL1fo0bu/FbuKpbc=
go.yaml.in/yaml/v3 v3.0.4/go.mod h1:DhzuOOF2ATzADvBadXxruRBLzYTpT36CKvDb3+aBEFg=
golang.org/x/exp v0.0.0-20260527015227-08cc5374adb3 h1:VHEvKbpgPXcPXn40t9cDTGK3JZwMikIEyF/CTrFfu7k=
golang.org/x/exp v0.0.0-20260527015227-08cc5374adb3/go.mod h1:d2fgXJLVs4dYDHUk5lwMIfzRzSrWCfGZb0ZqeLa/Vcw=
golang.org/x/text v0.37.0 h1:Cqjiwd9eSg8e0QAkyCaQTNHFIIzWtidPahFWR83rTrc=
golang.org/x/text v0.37.0/go.mod h1:a5sjxXGs9hsn/AJVwuElvCAo9v8QYLzvavO5z2PiM38=
google.golang.org/genproto/googleapis/api v0.0.0-20260526163538-3dc84a4a5aaa h1:Kjn0N0tCrDgiAFW+lGO4JZ3ck44CehvJQMAwj9QF0G8=
google.golang.org/genproto/googleapis/api v0.0.0-20260526163538-3dc84a4a5aaa/go.mod h1:q4lMZS6kskjT5HvCPrnnypcDPVJqT/f4nfxmkE7gryY=
google.golang.org/genproto/googleapis/rpc v0.0.0-20260526163538-3dc84a4a5aaa h1:mZHHdPZl0dbGHCflZgAq/Q468DWVFcU2whhB2KAo8fk=
google.golang.org/genproto/googleapis/rpc v0.0.0-20260526163538-3dc84a4a5aaa/go.mod h1:4Hqkh8ycfw05ld/3BWL7rJOSfebL2Q+DVDeRgYgxUU8=
google.golang.org/protobuf v1.36.11 h1:fV6ZwhNocDyBLK0dj+fg8ektcVegBBuEolpbTQyBNVE=
google.golang.org/protobuf v1.36.11/go.mod h1:HTf+CrKn2C3g5S8VImy6tdcUvCska2kB7j23XfzDpco=
gopkg.in/check.v1 v0.0.0-20161208181325-20d25e280405 h1:yhCVgyC4o1eVCa2tZl7eS0r+SDo693bJlVdllGtEeKM=
gopkg.in/check.v1 v0.0.0-20161208181325-20d25e280405/go.mod h1:Co6ibVJAznAaIkqp8huTwlJQCZ016jof/cbN4VW5Yz0=
